<?xml version="1.0" encoding="utf-8"?>
<Project ToolsVersion="4.0" xmlns="http://schemas.microsoft.com/developer/msbuild/2003">
  <ItemGroup>
    <Filter Include="Files">
      <UniqueIdentifier>{4FC737F1-C7A5-4376-A066-2A32D752A2FF}</UniqueIdentifier>
      <Extensions>cpp;c;cc;cxx;def;odl;idl;hpj;bat;asm;asmx</Extensions>
    </Filter>
    <Filter Include="Files\ToTFiles">
      <UniqueIdentifier>{24138a25-90f4-4418-a685-bed6e65cb2d5}</UniqueIdentifier>
    </Filter>
    <Filter Include="Files\MeridorNetworkLib">
      <UniqueIdentifier>{ee618611-a4c3-4fa5-932e-dd775b22477c}</UniqueIdentifier>
    </Filter>
    <Filter Include="Files\MeridorConsoleLib">
      <UniqueIdentifier>{240ab065-8ab7-457b-a9e7-7bba9aecf818}</UniqueIdentifier>
    </Filter>
    <Filter Include="Files\MeridorNetworkLib\HeaderFiles">
      <UniqueIdentifier>{f7ac20f0-dc7b-48d2-ac64-45bcf20a3b1e}</UniqueIdentifier>
    </Filter>
    <Filter Include="Files\MeridorNetworkLib\SourceFiles">
      <UniqueIdentifier>{f787c36d-da32-424f-8fe8-df858c2f6bf6}</UniqueIdentifier>
    </Filter>
    <Filter Include="Files\MeridorMiscModules">
      <UniqueIdentifier>{aec7e0ed-4c61-4e86-90c4-e3ae51a9a009}</UniqueIdentifier>
    </Filter>
    <Filter Include="Files\MeridorMiscModules\Header">
      <UniqueIdentifier>{aacc71b7-9abf-4a34-8914-728beeb8d20b}</UniqueIdentifier>
    </Filter>
    <Filter Include="Files\MeridorMiscModules\Source">
      <UniqueIdentifier>{ed261f60-22ec-4406-995d-7dc2e4e5cbab}</UniqueIdentifier>
    </Filter>
    <Filter Include="Files\ToTFiles\ApplicationFiles">
      <UniqueIdentifier>{01a10d97-3976-42ff-b0dd-671788676263}</UniqueIdentifier>
    </Filter>
    <Filter Include="Files\ToTFiles\ApplicationFiles\HeaderFiles">
      <UniqueIdentifier>{13b14e40-f014-4ff9-be67-192a17894184}</UniqueIdentifier>
    </Filter>
    <Filter Include="Files\ToTFiles\ApplicationFiles\SourceFiles">
      <UniqueIdentifier>{99f0d8c6-c8fd-41d4-a712-de48e4a7f1d4}</UniqueIdentifier>
    </Filter>
    <Filter Include="Files\ToTFiles\MainGameFiles">
      <UniqueIdentifier>{06947dfc-3123-4e94-a9c2-a0c8fc8fe8fb}</UniqueIdentifier>
    </Filter>
    <Filter Include="Files\ToTFiles\MainGameFiles\HeaderFiles">
      <UniqueIdentifier>{df7ec13e-f09a-4ed7-ab7a-433852061617}</UniqueIdentifier>
    </Filter>
    <Filter Include="Files\ToTFiles\MainGameFiles\SourceFiles">
      <UniqueIdentifier>{7effde4b-4157-4221-9724-9eb31aa51060}</UniqueIdentifier>
    </Filter>
    <Filter Include="Files\MeridorConsoleLib\Text">
      <UniqueIdentifier>{98e43e03-8651-40b4-9b9d-6a1bcc1e39d3}</UniqueIdentifier>
    </Filter>
    <Filter Include="Files\MeridorConsoleLib\Text\SourceFiles">
      <UniqueIdentifier>{98131798-d4f4-4f7f-aa2f-8fffe671f979}</UniqueIdentifier>
    </Filter>
    <Filter Include="Files\MeridorConsoleLib\Text\HeaderFiles">
      <UniqueIdentifier>{8ee0bcc2-48df-4a2f-b62b-bd64a40a40a9}</UniqueIdentifier>
    </Filter>
    <Filter Include="Files\MeridorConsoleLib\Window">
      <UniqueIdentifier>{9c6568d3-2aa8-453a-b94b-d29c1ac9b31f}</UniqueIdentifier>
    </Filter>
    <Filter Include="Files\MeridorConsoleLib\Window\HeaderFiles">
      <UniqueIdentifier>{90144b6c-54fc-45a7-8cfa-2264a5b26447}</UniqueIdentifier>
    </Filter>
    <Filter Include="Files\MeridorConsoleLib\Window\SourceFiles">
      <UniqueIdentifier>{fabfdfd1-4608-4667-bb63-f5c73e6bf3d2}</UniqueIdentifier>
    </Filter>
  </ItemGroup>
  <ItemGroup>
    <ClCompile Include="Participant.cpp">
      <Filter>Files\ToTFiles\MainGameFiles\SourceFiles</Filter>
    </ClCompile>
    <ClCompile Include="main.cpp">
      <Filter>Files\ToTFiles\ApplicationFiles\SourceFiles</Filter>
    </ClCompile>
    <ClCompile Include="NetworkRoleSinglePlayer.cpp">
      <Filter>Files\ToTFiles\MainGameFiles\SourceFiles</Filter>
    </ClCompile>
    <ClCompile Include="ToT_Window.cpp">
      <Filter>Files\ToTFiles\ApplicationFiles\SourceFiles</Filter>
    </ClCompile>
    <ClCompile Include="ToT.cpp">
      <Filter>Files\ToTFiles\ApplicationFiles\SourceFiles</Filter>
    </ClCompile>
    <ClCompile Include="NetworkRoleHost.cpp">
      <Filter>Files\ToTFiles\MainGameFiles\SourceFiles</Filter>
    </ClCompile>
    <ClCompile Include="NetworkRoleClient.cpp">
      <Filter>Files\ToTFiles\MainGameFiles\SourceFiles</Filter>
    </ClCompile>
    <ClCompile Include="MeridorConsoleLib\Window\BaseWindow.cpp">
      <Filter>Files\MeridorConsoleLib\Window\SourceFiles</Filter>
    </ClCompile>
    <ClCompile Include="MeridorNetworkLib\BroadcastReceiver.cpp">
      <Filter>Files\MeridorNetworkLib\SourceFiles</Filter>
    </ClCompile>
    <ClCompile Include="MeridorNetworkLib\BroadcastSender.cpp">
      <Filter>Files\MeridorNetworkLib\SourceFiles</Filter>
    </ClCompile>
    <ClCompile Include="MeridorNetworkLib\NetworkConnectorClient.cpp">
      <Filter>Files\MeridorNetworkLib\SourceFiles</Filter>
    </ClCompile>
    <ClCompile Include="MeridorNetworkLib\NetworkConnectorGeneral.cpp">
      <Filter>Files\MeridorNetworkLib\SourceFiles</Filter>
    </ClCompile>
    <ClCompile Include="MeridorMiscModules\WavTransformer.cpp">
      <Filter>Files\MeridorMiscModules\Source</Filter>
    </ClCompile>
    <ClCompile Include="MeridorMiscModules\PipeConnector.cpp">
      <Filter>Files\MeridorMiscModules\Source</Filter>
    </ClCompile>
    <ClCompile Include="MeridorConsoleLib\Window\WindowImmobilizer.cpp">
      <Filter>Files\MeridorConsoleLib\Window\SourceFiles</Filter>
    </ClCompile>
    <ClCompile Include="FileManagementFunctions.cpp">
      <Filter>Files\ToTFiles\ApplicationFiles\SourceFiles</Filter>
    </ClCompile>
    <ClCompile Include="ValidationFunctions.cpp">
      <Filter>Files\ToTFiles\ApplicationFiles\SourceFiles</Filter>
    </ClCompile>
    <ClCompile Include="RankingManagement.cpp">
      <Filter>Files\ToTFiles\ApplicationFiles\SourceFiles</Filter>
    </ClCompile>
    <ClCompile Include="Title.cpp">
      <Filter>Files\ToTFiles\ApplicationFiles\SourceFiles</Filter>
    </ClCompile>
    <ClCompile Include="ValidationStatus.cpp">
      <Filter>Files\ToTFiles\ApplicationFiles\SourceFiles</Filter>
    </ClCompile>
    <ClCompile Include="MeridorConsoleLib\Text\GeneralFunctions.cpp">
      <Filter>Files\MeridorConsoleLib\Text\SourceFiles</Filter>
    </ClCompile>
    <ClCompile Include="MeridorConsoleLib\Text\InfoBox.cpp">
      <Filter>Files\MeridorConsoleLib\Text\SourceFiles</Filter>
    </ClCompile>
    <ClCompile Include="MeridorMiscModules\VisibleTimer.cpp">
      <Filter>Files\MeridorMiscModules\Source</Filter>
    </ClCompile>
    <ClCompile Include="MeridorConsoleLib\Window\Functions.cpp">
      <Filter>Files</Filter>
    </ClCompile>
  </ItemGroup>
  <ItemGroup>
    <ClInclude Include="Participant.h">
      <Filter>Files\ToTFiles\MainGameFiles\HeaderFiles</Filter>
    </ClInclude>
    <ClInclude Include="NetworkRole.h">
      <Filter>Files\ToTFiles\MainGameFiles\HeaderFiles</Filter>
    </ClInclude>
    <ClInclude Include="NetworkRoleClient.h">
      <Filter>Files\ToTFiles\MainGameFiles\HeaderFiles</Filter>
    </ClInclude>
    <ClInclude Include="NetworkRoleHost.h">
      <Filter>Files\ToTFiles\MainGameFiles\HeaderFiles</Filter>
    </ClInclude>
    <ClInclude Include="ToT_Window.h">
      <Filter>Files\ToTFiles\ApplicationFiles\HeaderFiles</Filter>
    </ClInclude>
    <ClInclude Include="ToT.h">
      <Filter>Files\ToTFiles\ApplicationFiles\HeaderFiles</Filter>
    </ClInclude>
    <ClInclude Include="MeridorConsoleLib\Window\DataStructures.h">
      <Filter>Files\MeridorConsoleLib\Window\HeaderFiles</Filter>
    </ClInclude>
    <ClInclude Include="MeridorConsoleLib\Window\BaseWindow.h">
      <Filter>Files\MeridorConsoleLib\Window\HeaderFiles</Filter>
    </ClInclude>
    <ClInclude Include="MeridorNetworkLib\BroadcastReceiver.h">
      <Filter>Files\MeridorNetworkLib\HeaderFiles</Filter>
    </ClInclude>
    <ClInclude Include="MeridorNetworkLib\BroadcastSender.h">
      <Filter>Files\MeridorNetworkLib\HeaderFiles</Filter>
    </ClInclude>
    <ClInclude Include="MeridorNetworkLib\NetworkConnectorClient.h">
      <Filter>Files\MeridorNetworkLib\HeaderFiles</Filter>
    </ClInclude>
    <ClInclude Include="MeridorNetworkLib\NetworkConnectorGeneral.h">
      <Filter>Files\MeridorNetworkLib\HeaderFiles</Filter>
    </ClInclude>
    <ClInclude Include="MeridorNetworkLib\NetworkConnectorHost.h">
      <Filter>Files\MeridorNetworkLib\HeaderFiles</Filter>
    </ClInclude>
    <ClInclude Include="MeridorMiscModules\WavTransformer.h">
      <Filter>Files\MeridorMiscModules\Header</Filter>
    </ClInclude>
    <ClInclude Include="MeridorMiscModules\PipeConnector.h">
      <Filter>Files\MeridorMiscModules\Header</Filter>
    </ClInclude>
    <ClInclude Include="MeridorConsoleLib\Window\Immobilizer.h">
      <Filter>Files\MeridorConsoleLib\Window\HeaderFiles</Filter>
    </ClInclude>
    <ClInclude Include="FileManagementFunctions.h">
      <Filter>Files\ToTFiles\ApplicationFiles\HeaderFiles</Filter>
    </ClInclude>
    <ClInclude Include="ValidationFunctions.h">
      <Filter>Files\ToTFiles\ApplicationFiles\HeaderFiles</Filter>
    </ClInclude>
    <ClInclude Include="DataStructures.h">
      <Filter>Files\ToTFiles\ApplicationFiles\HeaderFiles</Filter>
    </ClInclude>
    <ClInclude Include="LanguagePack.h">
      <Filter>Files\ToTFiles\ApplicationFiles\HeaderFiles</Filter>
    </ClInclude>
    <ClInclude Include="FileManagementConstants.h">
      <Filter>Files\ToTFiles\ApplicationFiles\HeaderFiles</Filter>
    </ClInclude>
    <ClInclude Include="ValidationConstants.h">
      <Filter>Files\ToTFiles\ApplicationFiles\HeaderFiles</Filter>
    </ClInclude>
    <ClInclude Include="ErrorConstants.h">
      <Filter>Files\ToTFiles\ApplicationFiles\HeaderFiles</Filter>
    </ClInclude>
    <ClInclude Include="RankingManagement.h">
      <Filter>Files\ToTFiles\ApplicationFiles\HeaderFiles</Filter>
    </ClInclude>
    <ClInclude Include="GameConstants.h">
      <Filter>Files\ToTFiles\MainGameFiles\HeaderFiles</Filter>
    </ClInclude>
    <ClInclude Include="Title.h">
      <Filter>Files\ToTFiles\ApplicationFiles\HeaderFiles</Filter>
    </ClInclude>
    <ClInclude Include="ValidationStatus.h">
      <Filter>Files\ToTFiles\ApplicationFiles\HeaderFiles</Filter>
    </ClInclude>
    <ClInclude Include="MeridorConsoleLib\Text\GeneralFunctions.h">
      <Filter>Files\MeridorConsoleLib\Text\HeaderFiles</Filter>
    </ClInclude>
    <ClInclude Include="MeridorConsoleLib\Text\Color.h">
      <Filter>Files\MeridorConsoleLib\Text\HeaderFiles</Filter>
    </ClInclude>
    <ClInclude Include="MeridorConsoleLib\Text\Infobox.h">
      <Filter>Files\MeridorConsoleLib\Text\HeaderFiles</Filter>
    </ClInclude>
    <ClInclude Include="MeridorConsoleLib\Text\TextContainers.h">
      <Filter>Files\MeridorConsoleLib\Text\HeaderFiles</Filter>
    </ClInclude>
    <ClInclude Include="MeridorConsoleLib\Text\TextLib.h">
      <Filter>Files\MeridorConsoleLib\Text\HeaderFiles</Filter>
    </ClInclude>
    <ClInclude Include="MeridorMiscModules\VisibleTimer.h">
      <Filter>Files\MeridorMiscModules\Header</Filter>
    </ClInclude>
    <ClInclude Include="MeridorConsoleLib\Window\Functions.h" />
  </ItemGroup>
  <ItemGroup>
    <ResourceCompile Include="Icon.rc" />
  </ItemGroup>
</Project>